
Microsoft Visual Studio Solution File, Format Version 12.00
# Visual Studio 2013
VisualStudioVersion = 12.0.21005.1
MinimumVisualStudioVersion = 10.0.40219.1
Project("{2150E333-8FDC-42A3-9474-1A3956D46DE8}") = "SDK", "SDK", "{296D7264-5665-4909-BBF7-0A90D9F4D130}"
EndProject
Project("{8BC9CEB8-8B4A-11D0-8D11-00A0C91BC942}") = "Admin", "..\Admin\Admin.vcxproj", "{5E76B31A-6D40-4B18-AF46-676CB75C51B8}"
EndProject
Project("{8BC9CEB8-8B4A-11D0-8D11-00A0C91BC942}") = "CommonModul", "..\CommonModul\CommonModul.vcxproj", "{8CACA5FF-8FE8-4F39-9348-6859122CE64E}"
EndProject
Project("{8BC9CEB8-8B4A-11D0-8D11-00A0C91BC942}") = "Dui窗体", "..\DUI窗体\GuiFoundation.vcxproj", "{4B553E73-0C89-47E7-9BD4-B8E96CF59787}"
EndProject
Project("{8BC9CEB8-8B4A-11D0-8D11-00A0C91BC942}") = "DUI库", "..\DUI库\DUI库.vcxproj", "{38670BDA-36BD-43F9-9849-29258A673F0D}"
EndProject
Project("{8BC9CEB8-8B4A-11D0-8D11-00A0C91BC942}") = "ImageMethod", "..\ImageMethod\YCImage.vcxproj", "{A8E64F0B-3137-4993-A512-22CC787F7627}"
EndProject
Project("{8BC9CEB8-8B4A-11D0-8D11-00A0C91BC942}") = "NetworkService", "..\NetworkService\NetworkService.vcxproj", "{D90FE969-FC13-4712-B991-6CEBE42E5C92}"
EndProject
Project("{8BC9CEB8-8B4A-11D0-8D11-00A0C91BC942}") = "Thread", "..\Thread\Thread.vcxproj", "{C3B1196D-858D-483E-9E13-F42387E5A4EF}"
EndProject
Project("{2150E333-8FDC-42A3-9474-1A3956D46DE8}") = "基于http协议文件下载", "基于http协议文件下载", "{94890DC9-9FC3-4B92-82D1-BBADA241CD42}"
EndProject
Project("{8BC9CEB8-8B4A-11D0-8D11-00A0C91BC942}") = "HttpDownLoader", "..\Project\HttpDownLoader\HttpDownLoader\HttpDownLoader.vcxproj", "{AC7F45E7-FFAE-4D36-87EC-B367B3C268AB}"
EndProject
Project("{2150E333-8FDC-42A3-9474-1A3956D46DE8}") = "微信授权登陆", "微信授权登陆", "{DB219537-90E7-49F9-982A-463DD745758B}"
EndProject
Project("{8BC9CEB8-8B4A-11D0-8D11-00A0C91BC942}") = "WxAuthorizateLogin", "..\WxAuthorizateLogin\WxAuthorizateLogin.vcxproj", "{91A598C3-C30C-444A-BCED-F96AF016D606}"
EndProject
Project("{2150E333-8FDC-42A3-9474-1A3956D46DE8}") = "TDXM", "TDXM", "{72E108D2-8CAD-4257-91EF-2C561C20DF1F}"
EndProject
Project("{8BC9CEB8-8B4A-11D0-8D11-00A0C91BC942}") = "listenActive", "..\listenActive\listenActive.vcxproj", "{9C185012-89F5-447C-9A6E-7591D420B15A}"
EndProject
Project("{8BC9CEB8-8B4A-11D0-8D11-00A0C91BC942}") = "TDXM", "..\TDXM\TDXM.vcxproj", "{98685FAC-CCB5-400E-81E7-63E75C3AF07F}"
EndProject
Project("{8BC9CEB8-8B4A-11D0-8D11-00A0C91BC942}") = "DuiLib", "..\DuiLib\DuiLib.vcxproj", "{E106ACD7-4E53-4AEE-942B-D0DD426DB34E}"
EndProject
Project("{8BC9CEB8-8B4A-11D0-8D11-00A0C91BC942}") = "CxImage", "..\CxImage\CxImage.vcxproj", "{72F4B869-8C8A-49D2-ABD4-736E5213A1D2}"
EndProject
Project("{8BC9CEB8-8B4A-11D0-8D11-00A0C91BC942}") = "SDK_TOOLS", "..\SDK_TOOLS\SDK_TOOLS.vcxproj", "{F4D7D104-4527-4446-AF14-14889112CE4D}"
EndProject
Global
	GlobalSection(SolutionConfigurationPlatforms) = preSolution
		Debug_Unicode|Win32 = Debug_Unicode|Win32
		Debug_Unicode|x64 = Debug_Unicode|x64
		Debug|Win32 = Debug|Win32
		Debug|x64 = Debug|x64
		DebugA|Win32 = DebugA|Win32
		DebugA|x64 = DebugA|x64
		Release_Unicode_vs2013|Win32 = Release_Unicode_vs2013|Win32
		Release_Unicode_vs2013|x64 = Release_Unicode_vs2013|x64
		Release_Unicode|Win32 = Release_Unicode|Win32
		Release_Unicode|x64 = Release_Unicode|x64
		Release|Win32 = Release|Win32
		Release|x64 = Release|x64
		ReleaseA|Win32 = ReleaseA|Win32
		ReleaseA|x64 = ReleaseA|x64
		SDebug|Win32 = SDebug|Win32
		SDebug|x64 = SDebug|x64
		SDebugA|Win32 = SDebugA|Win32
		SDebugA|x64 = SDebugA|x64
		SRelease|Win32 = SRelease|Win32
		SRelease|x64 = SRelease|x64
		SReleaseA|Win32 = SReleaseA|Win32
		SReleaseA|x64 = SReleaseA|x64
		Template|Win32 = Template|Win32
		Template|x64 = Template|x64
		Unicode Debug|Win32 = Unicode Debug|Win32
		Unicode Debug|x64 = Unicode Debug|x64
		Unicode Release|Win32 = Unicode Release|Win32
		Unicode Release|x64 = Unicode Release|x64
	EndGlobalSection
	GlobalSection(ProjectConfigurationPlatforms) = postSolution
		{5E76B31A-6D40-4B18-AF46-676CB75C51B8}.Debug_Unicode|Win32.ActiveCfg = Debug|Win32
		{5E76B31A-6D40-4B18-AF46-676CB75C51B8}.Debug_Unicode|Win32.Build.0 = Debug|Win32
		{5E76B31A-6D40-4B18-AF46-676CB75C51B8}.Debug_Unicode|x64.ActiveCfg = Debug|Win32
		{5E76B31A-6D40-4B18-AF46-676CB75C51B8}.Debug|Win32.ActiveCfg = Debug|Win32
		{5E76B31A-6D40-4B18-AF46-676CB75C51B8}.Debug|Win32.Build.0 = Debug|Win32
		{5E76B31A-6D40-4B18-AF46-676CB75C51B8}.Debug|x64.ActiveCfg = Debug|Win32
		{5E76B31A-6D40-4B18-AF46-676CB75C51B8}.DebugA|Win32.ActiveCfg = Debug|Win32
		{5E76B31A-6D40-4B18-AF46-676CB75C51B8}.DebugA|Win32.Build.0 = Debug|Win32
		{5E76B31A-6D40-4B18-AF46-676CB75C51B8}.DebugA|x64.ActiveCfg = Debug|Win32
		{5E76B31A-6D40-4B18-AF46-676CB75C51B8}.Release_Unicode_vs2013|Win32.ActiveCfg = Release_Unicode_vs2013|Win32
		{5E76B31A-6D40-4B18-AF46-676CB75C51B8}.Release_Unicode_vs2013|Win32.Build.0 = Release_Unicode_vs2013|Win32
		{5E76B31A-6D40-4B18-AF46-676CB75C51B8}.Release_Unicode_vs2013|x64.ActiveCfg = Release_Unicode_vs2013|Win32
		{5E76B31A-6D40-4B18-AF46-676CB75C51B8}.Release_Unicode|Win32.ActiveCfg = Release|Win32
		{5E76B31A-6D40-4B18-AF46-676CB75C51B8}.Release_Unicode|Win32.Build.0 = Release|Win32
		{5E76B31A-6D40-4B18-AF46-676CB75C51B8}.Release_Unicode|x64.ActiveCfg = Release_Unicode_vs2013|Win32
		{5E76B31A-6D40-4B18-AF46-676CB75C51B8}.Release|Win32.ActiveCfg = Release|Win32
		{5E76B31A-6D40-4B18-AF46-676CB75C51B8}.Release|Win32.Build.0 = Release|Win32
		{5E76B31A-6D40-4B18-AF46-676CB75C51B8}.Release|x64.ActiveCfg = Release|Win32
		{5E76B31A-6D40-4B18-AF46-676CB75C51B8}.ReleaseA|Win32.ActiveCfg = Release_Unicode_vs2013|Win32
		{5E76B31A-6D40-4B18-AF46-676CB75C51B8}.ReleaseA|Win32.Build.0 = Release_Unicode_vs2013|Win32
		{5E76B31A-6D40-4B18-AF46-676CB75C51B8}.ReleaseA|x64.ActiveCfg = Release_Unicode_vs2013|Win32
		{5E76B31A-6D40-4B18-AF46-676CB75C51B8}.SDebug|Win32.ActiveCfg = Debug|Win32
		{5E76B31A-6D40-4B18-AF46-676CB75C51B8}.SDebug|Win32.Build.0 = Debug|Win32
		{5E76B31A-6D40-4B18-AF46-676CB75C51B8}.SDebug|x64.ActiveCfg = Debug|Win32
		{5E76B31A-6D40-4B18-AF46-676CB75C51B8}.SDebugA|Win32.ActiveCfg = Debug|Win32
		{5E76B31A-6D40-4B18-AF46-676CB75C51B8}.SDebugA|Win32.Build.0 = Debug|Win32
		{5E76B31A-6D40-4B18-AF46-676CB75C51B8}.SDebugA|x64.ActiveCfg = Debug|Win32
		{5E76B31A-6D40-4B18-AF46-676CB75C51B8}.SRelease|Win32.ActiveCfg = Release|Win32
		{5E76B31A-6D40-4B18-AF46-676CB75C51B8}.SRelease|Win32.Build.0 = Release|Win32
		{5E76B31A-6D40-4B18-AF46-676CB75C51B8}.SRelease|x64.ActiveCfg = Release|Win32
		{5E76B31A-6D40-4B18-AF46-676CB75C51B8}.SReleaseA|Win32.ActiveCfg = Release|Win32
		{5E76B31A-6D40-4B18-AF46-676CB75C51B8}.SReleaseA|Win32.Build.0 = Release|Win32
		{5E76B31A-6D40-4B18-AF46-676CB75C51B8}.SReleaseA|x64.ActiveCfg = Release|Win32
		{5E76B31A-6D40-4B18-AF46-676CB75C51B8}.Template|Win32.ActiveCfg = Release|Win32
		{5E76B31A-6D40-4B18-AF46-676CB75C51B8}.Template|Win32.Build.0 = Release|Win32
		{5E76B31A-6D40-4B18-AF46-676CB75C51B8}.Template|x64.ActiveCfg = Release_Unicode_vs2013|Win32
		{5E76B31A-6D40-4B18-AF46-676CB75C51B8}.Unicode Debug|Win32.ActiveCfg = Debug|Win32
		{5E76B31A-6D40-4B18-AF46-676CB75C51B8}.Unicode Debug|Win32.Build.0 = Debug|Win32
		{5E76B31A-6D40-4B18-AF46-676CB75C51B8}.Unicode Debug|x64.ActiveCfg = Debug|Win32
		{5E76B31A-6D40-4B18-AF46-676CB75C51B8}.Unicode Release|Win32.ActiveCfg = Release|Win32
		{5E76B31A-6D40-4B18-AF46-676CB75C51B8}.Unicode Release|Win32.Build.0 = Release|Win32
		{5E76B31A-6D40-4B18-AF46-676CB75C51B8}.Unicode Release|x64.ActiveCfg = Release|Win32
		{8CACA5FF-8FE8-4F39-9348-6859122CE64E}.Debug_Unicode|Win32.ActiveCfg = Debug|Win32
		{8CACA5FF-8FE8-4F39-9348-6859122CE64E}.Debug_Unicode|Win32.Build.0 = Debug|Win32
		{8CACA5FF-8FE8-4F39-9348-6859122CE64E}.Debug_Unicode|x64.ActiveCfg = Debug|Win32
		{8CACA5FF-8FE8-4F39-9348-6859122CE64E}.Debug|Win32.ActiveCfg = Debug|Win32
		{8CACA5FF-8FE8-4F39-9348-6859122CE64E}.Debug|Win32.Build.0 = Debug|Win32
		{8CACA5FF-8FE8-4F39-9348-6859122CE64E}.Debug|x64.ActiveCfg = Debug|Win32
		{8CACA5FF-8FE8-4F39-9348-6859122CE64E}.DebugA|Win32.ActiveCfg = Debug|Win32
		{8CACA5FF-8FE8-4F39-9348-6859122CE64E}.DebugA|Win32.Build.0 = Debug|Win32
		{8CACA5FF-8FE8-4F39-9348-6859122CE64E}.DebugA|x64.ActiveCfg = Debug|Win32
		{8CACA5FF-8FE8-4F39-9348-6859122CE64E}.Release_Unicode_vs2013|Win32.ActiveCfg = Release_Unicode_vs2013|Win32
		{8CACA5FF-8FE8-4F39-9348-6859122CE64E}.Release_Unicode_vs2013|Win32.Build.0 = Release_Unicode_vs2013|Win32
		{8CACA5FF-8FE8-4F39-9348-6859122CE64E}.Release_Unicode_vs2013|x64.ActiveCfg = Release_Unicode_vs2013|Win32
		{8CACA5FF-8FE8-4F39-9348-6859122CE64E}.Release_Unicode|Win32.ActiveCfg = Release|Win32
		{8CACA5FF-8FE8-4F39-9348-6859122CE64E}.Release_Unicode|Win32.Build.0 = Release|Win32
		{8CACA5FF-8FE8-4F39-9348-6859122CE64E}.Release_Unicode|x64.ActiveCfg = Release_Unicode_vs2013|Win32
		{8CACA5FF-8FE8-4F39-9348-6859122CE64E}.Release|Win32.ActiveCfg = Release|Win32
		{8CACA5FF-8FE8-4F39-9348-6859122CE64E}.Release|Win32.Build.0 = Release|Win32
		{8CACA5FF-8FE8-4F39-9348-6859122CE64E}.Release|x64.ActiveCfg = Release|Win32
		{8CACA5FF-8FE8-4F39-9348-6859122CE64E}.ReleaseA|Win32.ActiveCfg = Release_Unicode_vs2013|Win32
		{8CACA5FF-8FE8-4F39-9348-6859122CE64E}.ReleaseA|Win32.Build.0 = Release_Unicode_vs2013|Win32
		{8CACA5FF-8FE8-4F39-9348-6859122CE64E}.ReleaseA|x64.ActiveCfg = Release_Unicode_vs2013|Win32
		{8CACA5FF-8FE8-4F39-9348-6859122CE64E}.SDebug|Win32.ActiveCfg = Debug|Win32
		{8CACA5FF-8FE8-4F39-9348-6859122CE64E}.SDebug|Win32.Build.0 = Debug|Win32
		{8CACA5FF-8FE8-4F39-9348-6859122CE64E}.SDebug|x64.ActiveCfg = Debug|Win32
		{8CACA5FF-8FE8-4F39-9348-6859122CE64E}.SDebugA|Win32.ActiveCfg = Debug|Win32
		{8CACA5FF-8FE8-4F39-9348-6859122CE64E}.SDebugA|Win32.Build.0 = Debug|Win32
		{8CACA5FF-8FE8-4F39-9348-6859122CE64E}.SDebugA|x64.ActiveCfg = Debug|Win32
		{8CACA5FF-8FE8-4F39-9348-6859122CE64E}.SRelease|Win32.ActiveCfg = Release|Win32
		{8CACA5FF-8FE8-4F39-9348-6859122CE64E}.SRelease|Win32.Build.0 = Release|Win32
		{8CACA5FF-8FE8-4F39-9348-6859122CE64E}.SRelease|x64.ActiveCfg = Release|Win32
		{8CACA5FF-8FE8-4F39-9348-6859122CE64E}.SReleaseA|Win32.ActiveCfg = Release|Win32
		{8CACA5FF-8FE8-4F39-9348-6859122CE64E}.SReleaseA|Win32.Build.0 = Release|Win32
		{8CACA5FF-8FE8-4F39-9348-6859122CE64E}.SReleaseA|x64.ActiveCfg = Release|Win32
		{8CACA5FF-8FE8-4F39-9348-6859122CE64E}.Template|Win32.ActiveCfg = Release|Win32
		{8CACA5FF-8FE8-4F39-9348-6859122CE64E}.Template|Win32.Build.0 = Release|Win32
		{8CACA5FF-8FE8-4F39-9348-6859122CE64E}.Template|x64.ActiveCfg = Release_Unicode_vs2013|Win32
		{8CACA5FF-8FE8-4F39-9348-6859122CE64E}.Unicode Debug|Win32.ActiveCfg = Debug|Win32
		{8CACA5FF-8FE8-4F39-9348-6859122CE64E}.Unicode Debug|Win32.Build.0 = Debug|Win32
		{8CACA5FF-8FE8-4F39-9348-6859122CE64E}.Unicode Debug|x64.ActiveCfg = Debug|Win32
		{8CACA5FF-8FE8-4F39-9348-6859122CE64E}.Unicode Release|Win32.ActiveCfg = Release|Win32
		{8CACA5FF-8FE8-4F39-9348-6859122CE64E}.Unicode Release|Win32.Build.0 = Release|Win32
		{8CACA5FF-8FE8-4F39-9348-6859122CE64E}.Unicode Release|x64.ActiveCfg = Release|Win32
		{4B553E73-0C89-47E7-9BD4-B8E96CF59787}.Debug_Unicode|Win32.ActiveCfg = Debug_Unicode|Win32
		{4B553E73-0C89-47E7-9BD4-B8E96CF59787}.Debug_Unicode|Win32.Build.0 = Debug_Unicode|Win32
		{4B553E73-0C89-47E7-9BD4-B8E96CF59787}.Debug_Unicode|x64.ActiveCfg = Debug_Unicode|Win32
		{4B553E73-0C89-47E7-9BD4-B8E96CF59787}.Debug|Win32.ActiveCfg = Debug|Win32
		{4B553E73-0C89-47E7-9BD4-B8E96CF59787}.Debug|Win32.Build.0 = Debug|Win32
		{4B553E73-0C89-47E7-9BD4-B8E96CF59787}.Debug|x64.ActiveCfg = Debug|Win32
		{4B553E73-0C89-47E7-9BD4-B8E96CF59787}.DebugA|Win32.ActiveCfg = Debug|Win32
		{4B553E73-0C89-47E7-9BD4-B8E96CF59787}.DebugA|Win32.Build.0 = Debug|Win32
		{4B553E73-0C89-47E7-9BD4-B8E96CF59787}.DebugA|x64.ActiveCfg = Debug|Win32
		{4B553E73-0C89-47E7-9BD4-B8E96CF59787}.Release_Unicode_vs2013|Win32.ActiveCfg = Release_Unicode_vs2013|Win32
		{4B553E73-0C89-47E7-9BD4-B8E96CF59787}.Release_Unicode_vs2013|Win32.Build.0 = Release_Unicode_vs2013|Win32
		{4B553E73-0C89-47E7-9BD4-B8E96CF59787}.Release_Unicode_vs2013|x64.ActiveCfg = Release_Unicode_vs2013|Win32
		{4B553E73-0C89-47E7-9BD4-B8E96CF59787}.Release_Unicode|Win32.ActiveCfg = Release_Unicode|Win32
		{4B553E73-0C89-47E7-9BD4-B8E96CF59787}.Release_Unicode|Win32.Build.0 = Release_Unicode|Win32
		{4B553E73-0C89-47E7-9BD4-B8E96CF59787}.Release_Unicode|x64.ActiveCfg = Release_Unicode|Win32
		{4B553E73-0C89-47E7-9BD4-B8E96CF59787}.Release|Win32.ActiveCfg = Release|Win32
		{4B553E73-0C89-47E7-9BD4-B8E96CF59787}.Release|Win32.Build.0 = Release|Win32
		{4B553E73-0C89-47E7-9BD4-B8E96CF59787}.Release|x64.ActiveCfg = Release|Win32
		{4B553E73-0C89-47E7-9BD4-B8E96CF59787}.ReleaseA|Win32.ActiveCfg = Release_Unicode_vs2013|Win32
		{4B553E73-0C89-47E7-9BD4-B8E96CF59787}.ReleaseA|Win32.Build.0 = Release_Unicode_vs2013|Win32
		{4B553E73-0C89-47E7-9BD4-B8E96CF59787}.ReleaseA|x64.ActiveCfg = Release_Unicode_vs2013|Win32
		{4B553E73-0C89-47E7-9BD4-B8E96CF59787}.SDebug|Win32.ActiveCfg = Debug|Win32
		{4B553E73-0C89-47E7-9BD4-B8E96CF59787}.SDebug|Win32.Build.0 = Debug|Win32
		{4B553E73-0C89-47E7-9BD4-B8E96CF59787}.SDebug|x64.ActiveCfg = Debug|Win32
		{4B553E73-0C89-47E7-9BD4-B8E96CF59787}.SDebugA|Win32.ActiveCfg = Debug|Win32
		{4B553E73-0C89-47E7-9BD4-B8E96CF59787}.SDebugA|Win32.Build.0 = Debug|Win32
		{4B553E73-0C89-47E7-9BD4-B8E96CF59787}.SDebugA|x64.ActiveCfg = Debug|Win32
		{4B553E73-0C89-47E7-9BD4-B8E96CF59787}.SRelease|Win32.ActiveCfg = Release|Win32
		{4B553E73-0C89-47E7-9BD4-B8E96CF59787}.SRelease|Win32.Build.0 = Release|Win32
		{4B553E73-0C89-47E7-9BD4-B8E96CF59787}.SRelease|x64.ActiveCfg = Release|Win32
		{4B553E73-0C89-47E7-9BD4-B8E96CF59787}.SReleaseA|Win32.ActiveCfg = Release|Win32
		{4B553E73-0C89-47E7-9BD4-B8E96CF59787}.SReleaseA|Win32.Build.0 = Release|Win32
		{4B553E73-0C89-47E7-9BD4-B8E96CF59787}.SReleaseA|x64.ActiveCfg = Release|Win32
		{4B553E73-0C89-47E7-9BD4-B8E96CF59787}.Template|Win32.ActiveCfg = Release|Win32
		{4B553E73-0C89-47E7-9BD4-B8E96CF59787}.Template|Win32.Build.0 = Release|Win32
		{4B553E73-0C89-47E7-9BD4-B8E96CF59787}.Template|x64.ActiveCfg = Release_Unicode_vs2013|Win32
		{4B553E73-0C89-47E7-9BD4-B8E96CF59787}.Unicode Debug|Win32.ActiveCfg = Debug|Win32
		{4B553E73-0C89-47E7-9BD4-B8E96CF59787}.Unicode Debug|Win32.Build.0 = Debug|Win32
		{4B553E73-0C89-47E7-9BD4-B8E96CF59787}.Unicode Debug|x64.ActiveCfg = Debug|Win32
		{4B553E73-0C89-47E7-9BD4-B8E96CF59787}.Unicode Release|Win32.ActiveCfg = Release|Win32
		{4B553E73-0C89-47E7-9BD4-B8E96CF59787}.Unicode Release|Win32.Build.0 = Release|Win32
		{4B553E73-0C89-47E7-9BD4-B8E96CF59787}.Unicode Release|x64.ActiveCfg = Release|Win32
		{38670BDA-36BD-43F9-9849-29258A673F0D}.Debug_Unicode|Win32.ActiveCfg = Debug|Win32
		{38670BDA-36BD-43F9-9849-29258A673F0D}.Debug_Unicode|Win32.Build.0 = Debug|Win32
		{38670BDA-36BD-43F9-9849-29258A673F0D}.Debug_Unicode|x64.ActiveCfg = Debug|Win32
		{38670BDA-36BD-43F9-9849-29258A673F0D}.Debug|Win32.ActiveCfg = Debug|Win32
		{38670BDA-36BD-43F9-9849-29258A673F0D}.Debug|x64.ActiveCfg = Debug|Win32
		{38670BDA-36BD-43F9-9849-29258A673F0D}.DebugA|Win32.ActiveCfg = Debug|Win32
		{38670BDA-36BD-43F9-9849-29258A673F0D}.DebugA|Win32.Build.0 = Debug|Win32
		{38670BDA-36BD-43F9-9849-29258A673F0D}.DebugA|x64.ActiveCfg = Debug|Win32
		{38670BDA-36BD-43F9-9849-29258A673F0D}.Release_Unicode_vs2013|Win32.ActiveCfg = Release_Unicode_vs2013|Win32
		{38670BDA-36BD-43F9-9849-29258A673F0D}.Release_Unicode_vs2013|x64.ActiveCfg = Release_Unicode_vs2013|Win32
		{38670BDA-36BD-43F9-9849-29258A673F0D}.Release_Unicode|Win32.ActiveCfg = Release|Win32
		{38670BDA-36BD-43F9-9849-29258A673F0D}.Release_Unicode|x64.ActiveCfg = Release_Unicode_vs2013|Win32
		{38670BDA-36BD-43F9-9849-29258A673F0D}.Release|Win32.ActiveCfg = Release|Win32
		{38670BDA-36BD-43F9-9849-29258A673F0D}.Release|Win32.Build.0 = Release|Win32
		{38670BDA-36BD-43F9-9849-29258A673F0D}.Release|x64.ActiveCfg = Release|Win32
		{38670BDA-36BD-43F9-9849-29258A673F0D}.ReleaseA|Win32.ActiveCfg = Release_Unicode_vs2013|Win32
		{38670BDA-36BD-43F9-9849-29258A673F0D}.ReleaseA|Win32.Build.0 = Release_Unicode_vs2013|Win32
		{38670BDA-36BD-43F9-9849-29258A673F0D}.ReleaseA|x64.ActiveCfg = Release_Unicode_vs2013|Win32
		{38670BDA-36BD-43F9-9849-29258A673F0D}.SDebug|Win32.ActiveCfg = Debug|Win32
		{38670BDA-36BD-43F9-9849-29258A673F0D}.SDebug|Win32.Build.0 = Debug|Win32
		{38670BDA-36BD-43F9-9849-29258A673F0D}.SDebug|x64.ActiveCfg = Debug|Win32
		{38670BDA-36BD-43F9-9849-29258A673F0D}.SDebugA|Win32.ActiveCfg = Debug|Win32
		{38670BDA-36BD-43F9-9849-29258A673F0D}.SDebugA|Win32.Build.0 = Debug|Win32
		{38670BDA-36BD-43F9-9849-29258A673F0D}.SDebugA|x64.ActiveCfg = Debug|Win32
		{38670BDA-36BD-43F9-9849-29258A673F0D}.SRelease|Win32.ActiveCfg = Release|Win32
		{38670BDA-36BD-43F9-9849-29258A673F0D}.SRelease|Win32.Build.0 = Release|Win32
		{38670BDA-36BD-43F9-9849-29258A673F0D}.SRelease|x64.ActiveCfg = Release|Win32
		{38670BDA-36BD-43F9-9849-29258A673F0D}.SReleaseA|Win32.ActiveCfg = Release|Win32
		{38670BDA-36BD-43F9-9849-29258A673F0D}.SReleaseA|Win32.Build.0 = Release|Win32
		{38670BDA-36BD-43F9-9849-29258A673F0D}.SReleaseA|x64.ActiveCfg = Release|Win32
		{38670BDA-36BD-43F9-9849-29258A673F0D}.Template|Win32.ActiveCfg = Release|Win32
		{38670BDA-36BD-43F9-9849-29258A673F0D}.Template|Win32.Build.0 = Release|Win32
		{38670BDA-36BD-43F9-9849-29258A673F0D}.Template|x64.ActiveCfg = Release_Unicode_vs2013|Win32
		{38670BDA-36BD-43F9-9849-29258A673F0D}.Unicode Debug|Win32.ActiveCfg = Debug|Win32
		{38670BDA-36BD-43F9-9849-29258A673F0D}.Unicode Debug|Win32.Build.0 = Debug|Win32
		{38670BDA-36BD-43F9-9849-29258A673F0D}.Unicode Debug|x64.ActiveCfg = Debug|Win32
		{38670BDA-36BD-43F9-9849-29258A673F0D}.Unicode Release|Win32.ActiveCfg = Release|Win32
		{38670BDA-36BD-43F9-9849-29258A673F0D}.Unicode Release|Win32.Build.0 = Release|Win32
		{38670BDA-36BD-43F9-9849-29258A673F0D}.Unicode Release|x64.ActiveCfg = Release|Win32
		{A8E64F0B-3137-4993-A512-22CC787F7627}.Debug_Unicode|Win32.ActiveCfg = Debug_Unicode|Win32
		{A8E64F0B-3137-4993-A512-22CC787F7627}.Debug_Unicode|Win32.Build.0 = Debug_Unicode|Win32
		{A8E64F0B-3137-4993-A512-22CC787F7627}.Debug_Unicode|x64.ActiveCfg = Debug_Unicode|Win32
		{A8E64F0B-3137-4993-A512-22CC787F7627}.Debug|Win32.ActiveCfg = Debug|Win32
		{A8E64F0B-3137-4993-A512-22CC787F7627}.Debug|Win32.Build.0 = Debug|Win32
		{A8E64F0B-3137-4993-A512-22CC787F7627}.Debug|x64.ActiveCfg = Debug|Win32
		{A8E64F0B-3137-4993-A512-22CC787F7627}.DebugA|Win32.ActiveCfg = Debug|Win32
		{A8E64F0B-3137-4993-A512-22CC787F7627}.DebugA|Win32.Build.0 = Debug|Win32
		{A8E64F0B-3137-4993-A512-22CC787F7627}.DebugA|x64.ActiveCfg = Debug|Win32
		{A8E64F0B-3137-4993-A512-22CC787F7627}.Release_Unicode_vs2013|Win32.ActiveCfg = Release_Unicode_vs2013|Win32
		{A8E64F0B-3137-4993-A512-22CC787F7627}.Release_Unicode_vs2013|Win32.Build.0 = Release_Unicode_vs2013|Win32
		{A8E64F0B-3137-4993-A512-22CC787F7627}.Release_Unicode_vs2013|x64.ActiveCfg = Release_Unicode_vs2013|Win32
		{A8E64F0B-3137-4993-A512-22CC787F7627}.Release_Unicode|Win32.ActiveCfg = Release_Unicode|Win32
		{A8E64F0B-3137-4993-A512-22CC787F7627}.Release_Unicode|Win32.Build.0 = Release_Unicode|Win32
		{A8E64F0B-3137-4993-A512-22CC787F7627}.Release_Unicode|x64.ActiveCfg = Release_Unicode|Win32
		{A8E64F0B-3137-4993-A512-22CC787F7627}.Release|Win32.ActiveCfg = Release|Win32
		{A8E64F0B-3137-4993-A512-22CC787F7627}.Release|Win32.Build.0 = Release|Win32
		{A8E64F0B-3137-4993-A512-22CC787F7627}.Release|x64.ActiveCfg = Release|Win32
		{A8E64F0B-3137-4993-A512-22CC787F7627}.ReleaseA|Win32.ActiveCfg = Release_Unicode_vs2013|Win32
		{A8E64F0B-3137-4993-A512-22CC787F7627}.ReleaseA|Win32.Build.0 = Release_Unicode_vs2013|Win32
		{A8E64F0B-3137-4993-A512-22CC787F7627}.ReleaseA|x64.ActiveCfg = Release_Unicode_vs2013|Win32
		{A8E64F0B-3137-4993-A512-22CC787F7627}.SDebug|Win32.ActiveCfg = Debug|Win32
		{A8E64F0B-3137-4993-A512-22CC787F7627}.SDebug|Win32.Build.0 = Debug|Win32
		{A8E64F0B-3137-4993-A512-22CC787F7627}.SDebug|x64.ActiveCfg = Debug|Win32
		{A8E64F0B-3137-4993-A512-22CC787F7627}.SDebugA|Win32.ActiveCfg = Debug|Win32
		{A8E64F0B-3137-4993-A512-22CC787F7627}.SDebugA|Win32.Build.0 = Debug|Win32
		{A8E64F0B-3137-4993-A512-22CC787F7627}.SDebugA|x64.ActiveCfg = Debug|Win32
		{A8E64F0B-3137-4993-A512-22CC787F7627}.SRelease|Win32.ActiveCfg = Release|Win32
		{A8E64F0B-3137-4993-A512-22CC787F7627}.SRelease|Win32.Build.0 = Release|Win32
		{A8E64F0B-3137-4993-A512-22CC787F7627}.SRelease|x64.ActiveCfg = Release|Win32
		{A8E64F0B-3137-4993-A512-22CC787F7627}.SReleaseA|Win32.ActiveCfg = Release|Win32
		{A8E64F0B-3137-4993-A512-22CC787F7627}.SReleaseA|Win32.Build.0 = Release|Win32
		{A8E64F0B-3137-4993-A512-22CC787F7627}.SReleaseA|x64.ActiveCfg = Release|Win32
		{A8E64F0B-3137-4993-A512-22CC787F7627}.Template|Win32.ActiveCfg = Release|Win32
		{A8E64F0B-3137-4993-A512-22CC787F7627}.Template|Win32.Build.0 = Release|Win32
		{A8E64F0B-3137-4993-A512-22CC787F7627}.Template|x64.ActiveCfg = Release_Unicode_vs2013|Win32
		{A8E64F0B-3137-4993-A512-22CC787F7627}.Unicode Debug|Win32.ActiveCfg = Debug|Win32
		{A8E64F0B-3137-4993-A512-22CC787F7627}.Unicode Debug|Win32.Build.0 = Debug|Win32
		{A8E64F0B-3137-4993-A512-22CC787F7627}.Unicode Debug|x64.ActiveCfg = Debug|Win32
		{A8E64F0B-3137-4993-A512-22CC787F7627}.Unicode Release|Win32.ActiveCfg = Release|Win32
		{A8E64F0B-3137-4993-A512-22CC787F7627}.Unicode Release|Win32.Build.0 = Release|Win32
		{A8E64F0B-3137-4993-A512-22CC787F7627}.Unicode Release|x64.ActiveCfg = Release|Win32
		{D90FE969-FC13-4712-B991-6CEBE42E5C92}.Debug_Unicode|Win32.ActiveCfg = Debug|Win32
		{D90FE969-FC13-4712-B991-6CEBE42E5C92}.Debug_Unicode|Win32.Build.0 = Debug|Win32
		{D90FE969-FC13-4712-B991-6CEBE42E5C92}.Debug_Unicode|x64.ActiveCfg = Debug|Win32
		{D90FE969-FC13-4712-B991-6CEBE42E5C92}.Debug|Win32.ActiveCfg = Debug|Win32
		{D90FE969-FC13-4712-B991-6CEBE42E5C92}.Debug|Win32.Build.0 = Debug|Win32
		{D90FE969-FC13-4712-B991-6CEBE42E5C92}.Debug|x64.ActiveCfg = Debug|Win32
		{D90FE969-FC13-4712-B991-6CEBE42E5C92}.DebugA|Win32.ActiveCfg = Debug|Win32
		{D90FE969-FC13-4712-B991-6CEBE42E5C92}.DebugA|Win32.Build.0 = Debug|Win32
		{D90FE969-FC13-4712-B991-6CEBE42E5C92}.DebugA|x64.ActiveCfg = Debug|Win32
		{D90FE969-FC13-4712-B991-6CEBE42E5C92}.Release_Unicode_vs2013|Win32.ActiveCfg = Release_Unicode_vs2013|Win32
		{D90FE969-FC13-4712-B991-6CEBE42E5C92}.Release_Unicode_vs2013|Win32.Build.0 = Release_Unicode_vs2013|Win32
		{D90FE969-FC13-4712-B991-6CEBE42E5C92}.Release_Unicode_vs2013|x64.ActiveCfg = Release_Unicode_vs2013|Win32
		{D90FE969-FC13-4712-B991-6CEBE42E5C92}.Release_Unicode|Win32.ActiveCfg = Release|Win32
		{D90FE969-FC13-4712-B991-6CEBE42E5C92}.Release_Unicode|Win32.Build.0 = Release|Win32
		{D90FE969-FC13-4712-B991-6CEBE42E5C92}.Release_Unicode|x64.ActiveCfg = Release_Unicode_vs2013|Win32
		{D90FE969-FC13-4712-B991-6CEBE42E5C92}.Release|Win32.ActiveCfg = Release|Win32
		{D90FE969-FC13-4712-B991-6CEBE42E5C92}.Release|Win32.Build.0 = Release|Win32
		{D90FE969-FC13-4712-B991-6CEBE42E5C92}.Release|x64.ActiveCfg = Release|Win32
		{D90FE969-FC13-4712-B991-6CEBE42E5C92}.ReleaseA|Win32.ActiveCfg = Release_Unicode_vs2013|Win32
		{D90FE969-FC13-4712-B991-6CEBE42E5C92}.ReleaseA|Win32.Build.0 = Release_Unicode_vs2013|Win32
		{D90FE969-FC13-4712-B991-6CEBE42E5C92}.ReleaseA|x64.ActiveCfg = Release_Unicode_vs2013|Win32
		{D90FE969-FC13-4712-B991-6CEBE42E5C92}.SDebug|Win32.ActiveCfg = Debug|Win32
		{D90FE969-FC13-4712-B991-6CEBE42E5C92}.SDebug|Win32.Build.0 = Debug|Win32
		{D90FE969-FC13-4712-B991-6CEBE42E5C92}.SDebug|x64.ActiveCfg = Debug|Win32
		{D90FE969-FC13-4712-B991-6CEBE42E5C92}.SDebugA|Win32.ActiveCfg = Debug|Win32
		{D90FE969-FC13-4712-B991-6CEBE42E5C92}.SDebugA|Win32.Build.0 = Debug|Win32
		{D90FE969-FC13-4712-B991-6CEBE42E5C92}.SDebugA|x64.ActiveCfg = Debug|Win32
		{D90FE969-FC13-4712-B991-6CEBE42E5C92}.SRelease|Win32.ActiveCfg = Release|Win32
		{D90FE969-FC13-4712-B991-6CEBE42E5C92}.SRelease|Win32.Build.0 = Release|Win32
		{D90FE969-FC13-4712-B991-6CEBE42E5C92}.SRelease|x64.ActiveCfg = Release|Win32
		{D90FE969-FC13-4712-B991-6CEBE42E5C92}.SReleaseA|Win32.ActiveCfg = Release|Win32
		{D90FE969-FC13-4712-B991-6CEBE42E5C92}.SReleaseA|Win32.Build.0 = Release|Win32
		{D90FE969-FC13-4712-B991-6CEBE42E5C92}.SReleaseA|x64.ActiveCfg = Release|Win32
		{D90FE969-FC13-4712-B991-6CEBE42E5C92}.Template|Win32.ActiveCfg = Release|Win32
		{D90FE969-FC13-4712-B991-6CEBE42E5C92}.Template|Win32.Build.0 = Release|Win32
		{D90FE969-FC13-4712-B991-6CEBE42E5C92}.Template|x64.ActiveCfg = Release_Unicode_vs2013|Win32
		{D90FE969-FC13-4712-B991-6CEBE42E5C92}.Unicode Debug|Win32.ActiveCfg = Debug|Win32
		{D90FE969-FC13-4712-B991-6CEBE42E5C92}.Unicode Debug|Win32.Build.0 = Debug|Win32
		{D90FE969-FC13-4712-B991-6CEBE42E5C92}.Unicode Debug|x64.ActiveCfg = Debug|Win32
		{D90FE969-FC13-4712-B991-6CEBE42E5C92}.Unicode Release|Win32.ActiveCfg = Release|Win32
		{D90FE969-FC13-4712-B991-6CEBE42E5C92}.Unicode Release|Win32.Build.0 = Release|Win32
		{D90FE969-FC13-4712-B991-6CEBE42E5C92}.Unicode Release|x64.ActiveCfg = Release|Win32
		{C3B1196D-858D-483E-9E13-F42387E5A4EF}.Debug_Unicode|Win32.ActiveCfg = Debug|Win32
		{C3B1196D-858D-483E-9E13-F42387E5A4EF}.Debug_Unicode|Win32.Build.0 = Debug|Win32
		{C3B1196D-858D-483E-9E13-F42387E5A4EF}.Debug_Unicode|x64.ActiveCfg = Debug|Win32
		{C3B1196D-858D-483E-9E13-F42387E5A4EF}.Debug|Win32.ActiveCfg = Debug|Win32
		{C3B1196D-858D-483E-9E13-F42387E5A4EF}.Debug|Win32.Build.0 = Debug|Win32
		{C3B1196D-858D-483E-9E13-F42387E5A4EF}.Debug|x64.ActiveCfg = Debug|Win32
		{C3B1196D-858D-483E-9E13-F42387E5A4EF}.DebugA|Win32.ActiveCfg = Debug|Win32
		{C3B1196D-858D-483E-9E13-F42387E5A4EF}.DebugA|Win32.Build.0 = Debug|Win32
		{C3B1196D-858D-483E-9E13-F42387E5A4EF}.DebugA|x64.ActiveCfg = Debug|Win32
		{C3B1196D-858D-483E-9E13-F42387E5A4EF}.Release_Unicode_vs2013|Win32.ActiveCfg = Release_Unicode_vs2013|Win32
		{C3B1196D-858D-483E-9E13-F42387E5A4EF}.Release_Unicode_vs2013|Win32.Build.0 = Release_Unicode_vs2013|Win32
		{C3B1196D-858D-483E-9E13-F42387E5A4EF}.Release_Unicode_vs2013|x64.ActiveCfg = Release_Unicode_vs2013|Win32
		{C3B1196D-858D-483E-9E13-F42387E5A4EF}.Release_Unicode|Win32.ActiveCfg = Release|Win32
		{C3B1196D-858D-483E-9E13-F42387E5A4EF}.Release_Unicode|Win32.Build.0 = Release|Win32
		{C3B1196D-858D-483E-9E13-F42387E5A4EF}.Release_Unicode|x64.ActiveCfg = Release_Unicode_vs2013|Win32
		{C3B1196D-858D-483E-9E13-F42387E5A4EF}.Release|Win32.ActiveCfg = Release|Win32
		{C3B1196D-858D-483E-9E13-F42387E5A4EF}.Release|Win32.Build.0 = Release|Win32
		{C3B1196D-858D-483E-9E13-F42387E5A4EF}.Release|x64.ActiveCfg = Release|Win32
		{C3B1196D-858D-483E-9E13-F42387E5A4EF}.ReleaseA|Win32.ActiveCfg = Release_Unicode_vs2013|Win32
		{C3B1196D-858D-483E-9E13-F42387E5A4EF}.ReleaseA|Win32.Build.0 = Release_Unicode_vs2013|Win32
		{C3B1196D-858D-483E-9E13-F42387E5A4EF}.ReleaseA|x64.ActiveCfg = Release_Unicode_vs2013|Win32
		{C3B1196D-858D-483E-9E13-F42387E5A4EF}.SDebug|Win32.ActiveCfg = Debug|Win32
		{C3B1196D-858D-483E-9E13-F42387E5A4EF}.SDebug|Win32.Build.0 = Debug|Win32
		{C3B1196D-858D-483E-9E13-F42387E5A4EF}.SDebug|x64.ActiveCfg = Debug|Win32
		{C3B1196D-858D-483E-9E13-F42387E5A4EF}.SDebugA|Win32.ActiveCfg = Debug|Win32
		{C3B1196D-858D-483E-9E13-F42387E5A4EF}.SDebugA|Win32.Build.0 = Debug|Win32
		{C3B1196D-858D-483E-9E13-F42387E5A4EF}.SDebugA|x64.ActiveCfg = Debug|Win32
		{C3B1196D-858D-483E-9E13-F42387E5A4EF}.SRelease|Win32.ActiveCfg = Release|Win32
		{C3B1196D-858D-483E-9E13-F42387E5A4EF}.SRelease|Win32.Build.0 = Release|Win32
		{C3B1196D-858D-483E-9E13-F42387E5A4EF}.SRelease|x64.ActiveCfg = Release|Win32
		{C3B1196D-858D-483E-9E13-F42387E5A4EF}.SReleaseA|Win32.ActiveCfg = Release|Win32
		{C3B1196D-858D-483E-9E13-F42387E5A4EF}.SReleaseA|Win32.Build.0 = Release|Win32
		{C3B1196D-858D-483E-9E13-F42387E5A4EF}.SReleaseA|x64.ActiveCfg = Release|Win32
		{C3B1196D-858D-483E-9E13-F42387E5A4EF}.Template|Win32.ActiveCfg = Release|Win32
		{C3B1196D-858D-483E-9E13-F42387E5A4EF}.Template|Win32.Build.0 = Release|Win32
		{C3B1196D-858D-483E-9E13-F42387E5A4EF}.Template|x64.ActiveCfg = Release_Unicode_vs2013|Win32
		{C3B1196D-858D-483E-9E13-F42387E5A4EF}.Unicode Debug|Win32.ActiveCfg = Debug|Win32
		{C3B1196D-858D-483E-9E13-F42387E5A4EF}.Unicode Debug|Win32.Build.0 = Debug|Win32
		{C3B1196D-858D-483E-9E13-F42387E5A4EF}.Unicode Debug|x64.ActiveCfg = Debug|Win32
		{C3B1196D-858D-483E-9E13-F42387E5A4EF}.Unicode Release|Win32.ActiveCfg = Release|Win32
		{C3B1196D-858D-483E-9E13-F42387E5A4EF}.Unicode Release|Win32.Build.0 = Release|Win32
		{C3B1196D-858D-483E-9E13-F42387E5A4EF}.Unicode Release|x64.ActiveCfg = Release|Win32
		{AC7F45E7-FFAE-4D36-87EC-B367B3C268AB}.Debug_Unicode|Win32.ActiveCfg = Debug|Win32
		{AC7F45E7-FFAE-4D36-87EC-B367B3C268AB}.Debug_Unicode|Win32.Build.0 = Debug|Win32
		{AC7F45E7-FFAE-4D36-87EC-B367B3C268AB}.Debug_Unicode|x64.ActiveCfg = Debug|Win32
		{AC7F45E7-FFAE-4D36-87EC-B367B3C268AB}.Debug|Win32.ActiveCfg = Debug|Win32
		{AC7F45E7-FFAE-4D36-87EC-B367B3C268AB}.Debug|Win32.Build.0 = Debug|Win32
		{AC7F45E7-FFAE-4D36-87EC-B367B3C268AB}.Debug|x64.ActiveCfg = Debug|Win32
		{AC7F45E7-FFAE-4D36-87EC-B367B3C268AB}.DebugA|Win32.ActiveCfg = Debug|Win32
		{AC7F45E7-FFAE-4D36-87EC-B367B3C268AB}.DebugA|Win32.Build.0 = Debug|Win32
		{AC7F45E7-FFAE-4D36-87EC-B367B3C268AB}.DebugA|x64.ActiveCfg = Debug|Win32
		{AC7F45E7-FFAE-4D36-87EC-B367B3C268AB}.Release_Unicode_vs2013|Win32.ActiveCfg = Release_Unicode_vs2013|Win32
		{AC7F45E7-FFAE-4D36-87EC-B367B3C268AB}.Release_Unicode_vs2013|Win32.Build.0 = Release_Unicode_vs2013|Win32
		{AC7F45E7-FFAE-4D36-87EC-B367B3C268AB}.Release_Unicode_vs2013|x64.ActiveCfg = Release_Unicode_vs2013|Win32
		{AC7F45E7-FFAE-4D36-87EC-B367B3C268AB}.Release_Unicode|Win32.ActiveCfg = Release|Win32
		{AC7F45E7-FFAE-4D36-87EC-B367B3C268AB}.Release_Unicode|Win32.Build.0 = Release|Win32
		{AC7F45E7-FFAE-4D36-87EC-B367B3C268AB}.Release_Unicode|x64.ActiveCfg = Release_Unicode_vs2013|Win32
		{AC7F45E7-FFAE-4D36-87EC-B367B3C268AB}.Release|Win32.ActiveCfg = Release|Win32
		{AC7F45E7-FFAE-4D36-87EC-B367B3C268AB}.Release|Win32.Build.0 = Release|Win32
		{AC7F45E7-FFAE-4D36-87EC-B367B3C268AB}.Release|x64.ActiveCfg = Release|Win32
		{AC7F45E7-FFAE-4D36-87EC-B367B3C268AB}.ReleaseA|Win32.ActiveCfg = Release_Unicode_vs2013|Win32
		{AC7F45E7-FFAE-4D36-87EC-B367B3C268AB}.ReleaseA|Win32.Build.0 = Release_Unicode_vs2013|Win32
		{AC7F45E7-FFAE-4D36-87EC-B367B3C268AB}.ReleaseA|x64.ActiveCfg = Release_Unicode_vs2013|Win32
		{AC7F45E7-FFAE-4D36-87EC-B367B3C268AB}.SDebug|Win32.ActiveCfg = Debug|Win32
		{AC7F45E7-FFAE-4D36-87EC-B367B3C268AB}.SDebug|Win32.Build.0 = Debug|Win32
		{AC7F45E7-FFAE-4D36-87EC-B367B3C268AB}.SDebug|x64.ActiveCfg = Debug|Win32
		{AC7F45E7-FFAE-4D36-87EC-B367B3C268AB}.SDebugA|Win32.ActiveCfg = Debug|Win32
		{AC7F45E7-FFAE-4D36-87EC-B367B3C268AB}.SDebugA|Win32.Build.0 = Debug|Win32
		{AC7F45E7-FFAE-4D36-87EC-B367B3C268AB}.SDebugA|x64.ActiveCfg = Debug|Win32
		{AC7F45E7-FFAE-4D36-87EC-B367B3C268AB}.SRelease|Win32.ActiveCfg = Release|Win32
		{AC7F45E7-FFAE-4D36-87EC-B367B3C268AB}.SRelease|Win32.Build.0 = Release|Win32
		{AC7F45E7-FFAE-4D36-87EC-B367B3C268AB}.SRelease|x64.ActiveCfg = Release|Win32
		{AC7F45E7-FFAE-4D36-87EC-B367B3C268AB}.SReleaseA|Win32.ActiveCfg = Release|Win32
		{AC7F45E7-FFAE-4D36-87EC-B367B3C268AB}.SReleaseA|Win32.Build.0 = Release|Win32
		{AC7F45E7-FFAE-4D36-87EC-B367B3C268AB}.SReleaseA|x64.ActiveCfg = Release|Win32
		{AC7F45E7-FFAE-4D36-87EC-B367B3C268AB}.Template|Win32.ActiveCfg = Release|Win32
		{AC7F45E7-FFAE-4D36-87EC-B367B3C268AB}.Template|Win32.Build.0 = Release|Win32
		{AC7F45E7-FFAE-4D36-87EC-B367B3C268AB}.Template|x64.ActiveCfg = Release_Unicode_vs2013|Win32
		{AC7F45E7-FFAE-4D36-87EC-B367B3C268AB}.Unicode Debug|Win32.ActiveCfg = Debug|Win32
		{AC7F45E7-FFAE-4D36-87EC-B367B3C268AB}.Unicode Debug|Win32.Build.0 = Debug|Win32
		{AC7F45E7-FFAE-4D36-87EC-B367B3C268AB}.Unicode Debug|x64.ActiveCfg = Debug|Win32
		{AC7F45E7-FFAE-4D36-87EC-B367B3C268AB}.Unicode Release|Win32.ActiveCfg = Release|Win32
		{AC7F45E7-FFAE-4D36-87EC-B367B3C268AB}.Unicode Release|Win32.Build.0 = Release|Win32
		{AC7F45E7-FFAE-4D36-87EC-B367B3C268AB}.Unicode Release|x64.ActiveCfg = Release|Win32
		{91A598C3-C30C-444A-BCED-F96AF016D606}.Debug_Unicode|Win32.ActiveCfg = Debug|Win32
		{91A598C3-C30C-444A-BCED-F96AF016D606}.Debug_Unicode|Win32.Build.0 = Debug|Win32
		{91A598C3-C30C-444A-BCED-F96AF016D606}.Debug_Unicode|x64.ActiveCfg = Debug|Win32
		{91A598C3-C30C-444A-BCED-F96AF016D606}.Debug|Win32.ActiveCfg = Debug|Win32
		{91A598C3-C30C-444A-BCED-F96AF016D606}.Debug|Win32.Build.0 = Debug|Win32
		{91A598C3-C30C-444A-BCED-F96AF016D606}.Debug|x64.ActiveCfg = Debug|Win32
		{91A598C3-C30C-444A-BCED-F96AF016D606}.DebugA|Win32.ActiveCfg = Debug|Win32
		{91A598C3-C30C-444A-BCED-F96AF016D606}.DebugA|Win32.Build.0 = Debug|Win32
		{91A598C3-C30C-444A-BCED-F96AF016D606}.DebugA|x64.ActiveCfg = Debug|Win32
		{91A598C3-C30C-444A-BCED-F96AF016D606}.Release_Unicode_vs2013|Win32.ActiveCfg = Release_Unicode_vs2013|Win32
		{91A598C3-C30C-444A-BCED-F96AF016D606}.Release_Unicode_vs2013|Win32.Build.0 = Release_Unicode_vs2013|Win32
		{91A598C3-C30C-444A-BCED-F96AF016D606}.Release_Unicode_vs2013|x64.ActiveCfg = Release_Unicode_vs2013|Win32
		{91A598C3-C30C-444A-BCED-F96AF016D606}.Release_Unicode|Win32.ActiveCfg = Release|Win32
		{91A598C3-C30C-444A-BCED-F96AF016D606}.Release_Unicode|Win32.Build.0 = Release|Win32
		{91A598C3-C30C-444A-BCED-F96AF016D606}.Release_Unicode|x64.ActiveCfg = Release_Unicode_vs2013|Win32
		{91A598C3-C30C-444A-BCED-F96AF016D606}.Release|Win32.ActiveCfg = Release|Win32
		{91A598C3-C30C-444A-BCED-F96AF016D606}.Release|Win32.Build.0 = Release|Win32
		{91A598C3-C30C-444A-BCED-F96AF016D606}.Release|x64.ActiveCfg = Release|Win32
		{91A598C3-C30C-444A-BCED-F96AF016D606}.ReleaseA|Win32.ActiveCfg = Release_Unicode_vs2013|Win32
		{91A598C3-C30C-444A-BCED-F96AF016D606}.ReleaseA|Win32.Build.0 = Release_Unicode_vs2013|Win32
		{91A598C3-C30C-444A-BCED-F96AF016D606}.ReleaseA|x64.ActiveCfg = Release_Unicode_vs2013|Win32
		{91A598C3-C30C-444A-BCED-F96AF016D606}.SDebug|Win32.ActiveCfg = Debug|Win32
		{91A598C3-C30C-444A-BCED-F96AF016D606}.SDebug|Win32.Build.0 = Debug|Win32
		{91A598C3-C30C-444A-BCED-F96AF016D606}.SDebug|x64.ActiveCfg = Debug|Win32
		{91A598C3-C30C-444A-BCED-F96AF016D606}.SDebugA|Win32.ActiveCfg = Debug|Win32
		{91A598C3-C30C-444A-BCED-F96AF016D606}.SDebugA|Win32.Build.0 = Debug|Win32
		{91A598C3-C30C-444A-BCED-F96AF016D606}.SDebugA|x64.ActiveCfg = Debug|Win32
		{91A598C3-C30C-444A-BCED-F96AF016D606}.SRelease|Win32.ActiveCfg = Release|Win32
		{91A598C3-C30C-444A-BCED-F96AF016D606}.SRelease|Win32.Build.0 = Release|Win32
		{91A598C3-C30C-444A-BCED-F96AF016D606}.SRelease|x64.ActiveCfg = Release|Win32
		{91A598C3-C30C-444A-BCED-F96AF016D606}.SReleaseA|Win32.ActiveCfg = Release|Win32
		{91A598C3-C30C-444A-BCED-F96AF016D606}.SReleaseA|Win32.Build.0 = Release|Win32
		{91A598C3-C30C-444A-BCED-F96AF016D606}.SReleaseA|x64.ActiveCfg = Release|Win32
		{91A598C3-C30C-444A-BCED-F96AF016D606}.Template|Win32.ActiveCfg = Release|Win32
		{91A598C3-C30C-444A-BCED-F96AF016D606}.Template|Win32.Build.0 = Release|Win32
		{91A598C3-C30C-444A-BCED-F96AF016D606}.Template|x64.ActiveCfg = Release_Unicode_vs2013|Win32
		{91A598C3-C30C-444A-BCED-F96AF016D606}.Unicode Debug|Win32.ActiveCfg = Debug|Win32
		{91A598C3-C30C-444A-BCED-F96AF016D606}.Unicode Debug|Win32.Build.0 = Debug|Win32
		{91A598C3-C30C-444A-BCED-F96AF016D606}.Unicode Debug|x64.ActiveCfg = Debug|Win32
		{91A598C3-C30C-444A-BCED-F96AF016D606}.Unicode Release|Win32.ActiveCfg = Release|Win32
		{91A598C3-C30C-444A-BCED-F96AF016D606}.Unicode Release|Win32.Build.0 = Release|Win32
		{91A598C3-C30C-444A-BCED-F96AF016D606}.Unicode Release|x64.ActiveCfg = Release|Win32
		{9C185012-89F5-447C-9A6E-7591D420B15A}.Debug_Unicode|Win32.ActiveCfg = Debug|Win32
		{9C185012-89F5-447C-9A6E-7591D420B15A}.Debug_Unicode|Win32.Build.0 = Debug|Win32
		{9C185012-89F5-447C-9A6E-7591D420B15A}.Debug_Unicode|x64.ActiveCfg = Debug|Win32
		{9C185012-89F5-447C-9A6E-7591D420B15A}.Debug|Win32.ActiveCfg = Debug|Win32
		{9C185012-89F5-447C-9A6E-7591D420B15A}.Debug|Win32.Build.0 = Debug|Win32
		{9C185012-89F5-447C-9A6E-7591D420B15A}.Debug|x64.ActiveCfg = Debug|Win32
		{9C185012-89F5-447C-9A6E-7591D420B15A}.DebugA|Win32.ActiveCfg = Debug|Win32
		{9C185012-89F5-447C-9A6E-7591D420B15A}.DebugA|Win32.Build.0 = Debug|Win32
		{9C185012-89F5-447C-9A6E-7591D420B15A}.DebugA|x64.ActiveCfg = Debug|Win32
		{9C185012-89F5-447C-9A6E-7591D420B15A}.Release_Unicode_vs2013|Win32.ActiveCfg = Release_Unicode_vs2013|Win32
		{9C185012-89F5-447C-9A6E-7591D420B15A}.Release_Unicode_vs2013|Win32.Build.0 = Release_Unicode_vs2013|Win32
		{9C185012-89F5-447C-9A6E-7591D420B15A}.Release_Unicode_vs2013|x64.ActiveCfg = Release_Unicode_vs2013|Win32
		{9C185012-89F5-447C-9A6E-7591D420B15A}.Release_Unicode|Win32.ActiveCfg = Release|Win32
		{9C185012-89F5-447C-9A6E-7591D420B15A}.Release_Unicode|Win32.Build.0 = Release|Win32
		{9C185012-89F5-447C-9A6E-7591D420B15A}.Release_Unicode|x64.ActiveCfg = Release_Unicode_vs2013|Win32
		{9C185012-89F5-447C-9A6E-7591D420B15A}.Release|Win32.ActiveCfg = Release|Win32
		{9C185012-89F5-447C-9A6E-7591D420B15A}.Release|Win32.Build.0 = Release|Win32
		{9C185012-89F5-447C-9A6E-7591D420B15A}.Release|x64.ActiveCfg = Release|Win32
		{9C185012-89F5-447C-9A6E-7591D420B15A}.ReleaseA|Win32.ActiveCfg = Release_Unicode_vs2013|Win32
		{9C185012-89F5-447C-9A6E-7591D420B15A}.ReleaseA|Win32.Build.0 = Release_Unicode_vs2013|Win32
		{9C185012-89F5-447C-9A6E-7591D420B15A}.ReleaseA|x64.ActiveCfg = Release_Unicode_vs2013|Win32
		{9C185012-89F5-447C-9A6E-7591D420B15A}.SDebug|Win32.ActiveCfg = Debug|Win32
		{9C185012-89F5-447C-9A6E-7591D420B15A}.SDebug|Win32.Build.0 = Debug|Win32
		{9C185012-89F5-447C-9A6E-7591D420B15A}.SDebug|x64.ActiveCfg = Debug|Win32
		{9C185012-89F5-447C-9A6E-7591D420B15A}.SDebugA|Win32.ActiveCfg = Debug|Win32
		{9C185012-89F5-447C-9A6E-7591D420B15A}.SDebugA|Win32.Build.0 = Debug|Win32
		{9C185012-89F5-447C-9A6E-7591D420B15A}.SDebugA|x64.ActiveCfg = Debug|Win32
		{9C185012-89F5-447C-9A6E-7591D420B15A}.SRelease|Win32.ActiveCfg = Release|Win32
		{9C185012-89F5-447C-9A6E-7591D420B15A}.SRelease|Win32.Build.0 = Release|Win32
		{9C185012-89F5-447C-9A6E-7591D420B15A}.SRelease|x64.ActiveCfg = Release|Win32
		{9C185012-89F5-447C-9A6E-7591D420B15A}.SReleaseA|Win32.ActiveCfg = Release|Win32
		{9C185012-89F5-447C-9A6E-7591D420B15A}.SReleaseA|Win32.Build.0 = Release|Win32
		{9C185012-89F5-447C-9A6E-7591D420B15A}.SReleaseA|x64.ActiveCfg = Release|Win32
		{9C185012-89F5-447C-9A6E-7591D420B15A}.Template|Win32.ActiveCfg = Release|Win32
		{9C185012-89F5-447C-9A6E-7591D420B15A}.Template|Win32.Build.0 = Release|Win32
		{9C185012-89F5-447C-9A6E-7591D420B15A}.Template|x64.ActiveCfg = Release_Unicode_vs2013|Win32
		{9C185012-89F5-447C-9A6E-7591D420B15A}.Unicode Debug|Win32.ActiveCfg = Debug|Win32
		{9C185012-89F5-447C-9A6E-7591D420B15A}.Unicode Debug|Win32.Build.0 = Debug|Win32
		{9C185012-89F5-447C-9A6E-7591D420B15A}.Unicode Debug|x64.ActiveCfg = Debug|Win32
		{9C185012-89F5-447C-9A6E-7591D420B15A}.Unicode Release|Win32.ActiveCfg = Release|Win32
		{9C185012-89F5-447C-9A6E-7591D420B15A}.Unicode Release|Win32.Build.0 = Release|Win32
		{9C185012-89F5-447C-9A6E-7591D420B15A}.Unicode Release|x64.ActiveCfg = Release|Win32
		{98685FAC-CCB5-400E-81E7-63E75C3AF07F}.Debug_Unicode|Win32.ActiveCfg = Debug|Win32
		{98685FAC-CCB5-400E-81E7-63E75C3AF07F}.Debug_Unicode|Win32.Build.0 = Debug|Win32
		{98685FAC-CCB5-400E-81E7-63E75C3AF07F}.Debug_Unicode|x64.ActiveCfg = Debug|Win32
		{98685FAC-CCB5-400E-81E7-63E75C3AF07F}.Debug|Win32.ActiveCfg = Debug|Win32
		{98685FAC-CCB5-400E-81E7-63E75C3AF07F}.Debug|Win32.Build.0 = Debug|Win32
		{98685FAC-CCB5-400E-81E7-63E75C3AF07F}.Debug|x64.ActiveCfg = Debug|Win32
		{98685FAC-CCB5-400E-81E7-63E75C3AF07F}.DebugA|Win32.ActiveCfg = Debug|Win32
		{98685FAC-CCB5-400E-81E7-63E75C3AF07F}.DebugA|Win32.Build.0 = Debug|Win32
		{98685FAC-CCB5-400E-81E7-63E75C3AF07F}.DebugA|x64.ActiveCfg = Debug|Win32
		{98685FAC-CCB5-400E-81E7-63E75C3AF07F}.Release_Unicode_vs2013|Win32.ActiveCfg = Release_Unicode_vs2013|Win32
		{98685FAC-CCB5-400E-81E7-63E75C3AF07F}.Release_Unicode_vs2013|Win32.Build.0 = Release_Unicode_vs2013|Win32
		{98685FAC-CCB5-400E-81E7-63E75C3AF07F}.Release_Unicode_vs2013|x64.ActiveCfg = Release_Unicode_vs2013|Win32
		{98685FAC-CCB5-400E-81E7-63E75C3AF07F}.Release_Unicode|Win32.ActiveCfg = Release|Win32
		{98685FAC-CCB5-400E-81E7-63E75C3AF07F}.Release_Unicode|Win32.Build.0 = Release|Win32
		{98685FAC-CCB5-400E-81E7-63E75C3AF07F}.Release_Unicode|x64.ActiveCfg = Release_Unicode_vs2013|Win32
		{98685FAC-CCB5-400E-81E7-63E75C3AF07F}.Release|Win32.ActiveCfg = Release|Win32
		{98685FAC-CCB5-400E-81E7-63E75C3AF07F}.Release|Win32.Build.0 = Release|Win32
		{98685FAC-CCB5-400E-81E7-63E75C3AF07F}.Release|x64.ActiveCfg = Release|Win32
		{98685FAC-CCB5-400E-81E7-63E75C3AF07F}.ReleaseA|Win32.ActiveCfg = Release_Unicode_vs2013|Win32
		{98685FAC-CCB5-400E-81E7-63E75C3AF07F}.ReleaseA|Win32.Build.0 = Release_Unicode_vs2013|Win32
		{98685FAC-CCB5-400E-81E7-63E75C3AF07F}.ReleaseA|x64.ActiveCfg = Release_Unicode_vs2013|Win32
		{98685FAC-CCB5-400E-81E7-63E75C3AF07F}.SDebug|Win32.ActiveCfg = Debug|Win32
		{98685FAC-CCB5-400E-81E7-63E75C3AF07F}.SDebug|Win32.Build.0 = Debug|Win32
		{98685FAC-CCB5-400E-81E7-63E75C3AF07F}.SDebug|x64.ActiveCfg = Debug|Win32
		{98685FAC-CCB5-400E-81E7-63E75C3AF07F}.SDebugA|Win32.ActiveCfg = Debug|Win32
		{98685FAC-CCB5-400E-81E7-63E75C3AF07F}.SDebugA|Win32.Build.0 = Debug|Win32
		{98685FAC-CCB5-400E-81E7-63E75C3AF07F}.SDebugA|x64.ActiveCfg = Debug|Win32
		{98685FAC-CCB5-400E-81E7-63E75C3AF07F}.SRelease|Win32.ActiveCfg = Release|Win32
		{98685FAC-CCB5-400E-81E7-63E75C3AF07F}.SRelease|Win32.Build.0 = Release|Win32
		{98685FAC-CCB5-400E-81E7-63E75C3AF07F}.SRelease|x64.ActiveCfg = Release|Win32
		{98685FAC-CCB5-400E-81E7-63E75C3AF07F}.SReleaseA|Win32.ActiveCfg = Release|Win32
		{98685FAC-CCB5-400E-81E7-63E75C3AF07F}.SReleaseA|Win32.Build.0 = Release|Win32
		{98685FAC-CCB5-400E-81E7-63E75C3AF07F}.SReleaseA|x64.ActiveCfg = Release|Win32
		{98685FAC-CCB5-400E-81E7-63E75C3AF07F}.Template|Win32.ActiveCfg = Release|Win32
		{98685FAC-CCB5-400E-81E7-63E75C3AF07F}.Template|Win32.Build.0 = Release|Win32
		{98685FAC-CCB5-400E-81E7-63E75C3AF07F}.Template|x64.ActiveCfg = Release_Unicode_vs2013|Win32
		{98685FAC-CCB5-400E-81E7-63E75C3AF07F}.Unicode Debug|Win32.ActiveCfg = Debug|Win32
		{98685FAC-CCB5-400E-81E7-63E75C3AF07F}.Unicode Debug|Win32.Build.0 = Debug|Win32
		{98685FAC-CCB5-400E-81E7-63E75C3AF07F}.Unicode Debug|x64.ActiveCfg = Debug|Win32
		{98685FAC-CCB5-400E-81E7-63E75C3AF07F}.Unicode Release|Win32.ActiveCfg = Release|Win32
		{98685FAC-CCB5-400E-81E7-63E75C3AF07F}.Unicode Release|Win32.Build.0 = Release|Win32
		{98685FAC-CCB5-400E-81E7-63E75C3AF07F}.Unicode Release|x64.ActiveCfg = Release|Win32
		{E106ACD7-4E53-4AEE-942B-D0DD426DB34E}.Debug_Unicode|Win32.ActiveCfg = Debug|Win32
		{E106ACD7-4E53-4AEE-942B-D0DD426DB34E}.Debug_Unicode|Win32.Build.0 = Debug|Win32
		{E106ACD7-4E53-4AEE-942B-D0DD426DB34E}.Debug_Unicode|x64.ActiveCfg = Debug|x64
		{E106ACD7-4E53-4AEE-942B-D0DD426DB34E}.Debug_Unicode|x64.Build.0 = Debug|x64
		{E106ACD7-4E53-4AEE-942B-D0DD426DB34E}.Debug|Win32.ActiveCfg = Debug|Win32
		{E106ACD7-4E53-4AEE-942B-D0DD426DB34E}.Debug|Win32.Build.0 = Debug|Win32
		{E106ACD7-4E53-4AEE-942B-D0DD426DB34E}.Debug|x64.ActiveCfg = Debug|x64
		{E106ACD7-4E53-4AEE-942B-D0DD426DB34E}.Debug|x64.Build.0 = Debug|x64
		{E106ACD7-4E53-4AEE-942B-D0DD426DB34E}.DebugA|Win32.ActiveCfg = DebugA|Win32
		{E106ACD7-4E53-4AEE-942B-D0DD426DB34E}.DebugA|Win32.Build.0 = DebugA|Win32
		{E106ACD7-4E53-4AEE-942B-D0DD426DB34E}.DebugA|x64.ActiveCfg = DebugA|x64
		{E106ACD7-4E53-4AEE-942B-D0DD426DB34E}.DebugA|x64.Build.0 = DebugA|x64
		{E106ACD7-4E53-4AEE-942B-D0DD426DB34E}.Release_Unicode_vs2013|Win32.ActiveCfg = Release|Win32
		{E106ACD7-4E53-4AEE-942B-D0DD426DB34E}.Release_Unicode_vs2013|Win32.Build.0 = Release|Win32
		{E106ACD7-4E53-4AEE-942B-D0DD426DB34E}.Release_Unicode_vs2013|x64.ActiveCfg = Release|x64
		{E106ACD7-4E53-4AEE-942B-D0DD426DB34E}.Release_Unicode_vs2013|x64.Build.0 = Release|x64
		{E106ACD7-4E53-4AEE-942B-D0DD426DB34E}.Release_Unicode|Win32.ActiveCfg = Release|Win32
		{E106ACD7-4E53-4AEE-942B-D0DD426DB34E}.Release_Unicode|Win32.Build.0 = Release|Win32
		{E106ACD7-4E53-4AEE-942B-D0DD426DB34E}.Release_Unicode|x64.ActiveCfg = Release|x64
		{E106ACD7-4E53-4AEE-942B-D0DD426DB34E}.Release_Unicode|x64.Build.0 = Release|x64
		{E106ACD7-4E53-4AEE-942B-D0DD426DB34E}.Release|Win32.ActiveCfg = Release|Win32
		{E106ACD7-4E53-4AEE-942B-D0DD426DB34E}.Release|Win32.Build.0 = Release|Win32
		{E106ACD7-4E53-4AEE-942B-D0DD426DB34E}.Release|x64.ActiveCfg = Release|x64
		{E106ACD7-4E53-4AEE-942B-D0DD426DB34E}.Release|x64.Build.0 = Release|x64
		{E106ACD7-4E53-4AEE-942B-D0DD426DB34E}.ReleaseA|Win32.ActiveCfg = ReleaseA|Win32
		{E106ACD7-4E53-4AEE-942B-D0DD426DB34E}.ReleaseA|Win32.Build.0 = ReleaseA|Win32
		{E106ACD7-4E53-4AEE-942B-D0DD426DB34E}.ReleaseA|x64.ActiveCfg = ReleaseA|x64
		{E106ACD7-4E53-4AEE-942B-D0DD426DB34E}.ReleaseA|x64.Build.0 = ReleaseA|x64
		{E106ACD7-4E53-4AEE-942B-D0DD426DB34E}.SDebug|Win32.ActiveCfg = SDebug|Win32
		{E106ACD7-4E53-4AEE-942B-D0DD426DB34E}.SDebug|Win32.Build.0 = SDebug|Win32
		{E106ACD7-4E53-4AEE-942B-D0DD426DB34E}.SDebug|x64.ActiveCfg = SDebug|x64
		{E106ACD7-4E53-4AEE-942B-D0DD426DB34E}.SDebug|x64.Build.0 = SDebug|x64
		{E106ACD7-4E53-4AEE-942B-D0DD426DB34E}.SDebugA|Win32.ActiveCfg = SDebugA|Win32
		{E106ACD7-4E53-4AEE-942B-D0DD426DB34E}.SDebugA|Win32.Build.0 = SDebugA|Win32
		{E106ACD7-4E53-4AEE-942B-D0DD426DB34E}.SDebugA|x64.ActiveCfg = SDebugA|x64
		{E106ACD7-4E53-4AEE-942B-D0DD426DB34E}.SDebugA|x64.Build.0 = SDebugA|x64
		{E106ACD7-4E53-4AEE-942B-D0DD426DB34E}.SRelease|Win32.ActiveCfg = SRelease|Win32
		{E106ACD7-4E53-4AEE-942B-D0DD426DB34E}.SRelease|Win32.Build.0 = SRelease|Win32
		{E106ACD7-4E53-4AEE-942B-D0DD426DB34E}.SRelease|x64.ActiveCfg = SRelease|x64
		{E106ACD7-4E53-4AEE-942B-D0DD426DB34E}.SRelease|x64.Build.0 = SRelease|x64
		{E106ACD7-4E53-4AEE-942B-D0DD426DB34E}.SReleaseA|Win32.ActiveCfg = SReleaseA|Win32
		{E106ACD7-4E53-4AEE-942B-D0DD426DB34E}.SReleaseA|Win32.Build.0 = SReleaseA|Win32
		{E106ACD7-4E53-4AEE-942B-D0DD426DB34E}.SReleaseA|x64.ActiveCfg = SReleaseA|x64
		{E106ACD7-4E53-4AEE-942B-D0DD426DB34E}.SReleaseA|x64.Build.0 = SReleaseA|x64
		{E106ACD7-4E53-4AEE-942B-D0DD426DB34E}.Template|Win32.ActiveCfg = SRelease|Win32
		{E106ACD7-4E53-4AEE-942B-D0DD426DB34E}.Template|Win32.Build.0 = SRelease|Win32
		{E106ACD7-4E53-4AEE-942B-D0DD426DB34E}.Template|x64.ActiveCfg = SRelease|x64
		{E106ACD7-4E53-4AEE-942B-D0DD426DB34E}.Template|x64.Build.0 = SRelease|x64
		{E106ACD7-4E53-4AEE-942B-D0DD426DB34E}.Unicode Debug|Win32.ActiveCfg = Debug|Win32
		{E106ACD7-4E53-4AEE-942B-D0DD426DB34E}.Unicode Debug|Win32.Build.0 = Debug|Win32
		{E106ACD7-4E53-4AEE-942B-D0DD426DB34E}.Unicode Debug|x64.ActiveCfg = Debug|x64
		{E106ACD7-4E53-4AEE-942B-D0DD426DB34E}.Unicode Debug|x64.Build.0 = Debug|x64
		{E106ACD7-4E53-4AEE-942B-D0DD426DB34E}.Unicode Release|Win32.ActiveCfg = Release|Win32
		{E106ACD7-4E53-4AEE-942B-D0DD426DB34E}.Unicode Release|Win32.Build.0 = Release|Win32
		{E106ACD7-4E53-4AEE-942B-D0DD426DB34E}.Unicode Release|x64.ActiveCfg = Release|x64
		{E106ACD7-4E53-4AEE-942B-D0DD426DB34E}.Unicode Release|x64.Build.0 = Release|x64
		{72F4B869-8C8A-49D2-ABD4-736E5213A1D2}.Debug_Unicode|Win32.ActiveCfg = Debug|Win32
		{72F4B869-8C8A-49D2-ABD4-736E5213A1D2}.Debug_Unicode|Win32.Build.0 = Debug|Win32
		{72F4B869-8C8A-49D2-ABD4-736E5213A1D2}.Debug_Unicode|x64.ActiveCfg = Debug|Win32
		{72F4B869-8C8A-49D2-ABD4-736E5213A1D2}.Debug|Win32.ActiveCfg = Debug|Win32
		{72F4B869-8C8A-49D2-ABD4-736E5213A1D2}.Debug|Win32.Build.0 = Debug|Win32
		{72F4B869-8C8A-49D2-ABD4-736E5213A1D2}.Debug|x64.ActiveCfg = Debug|Win32
		{72F4B869-8C8A-49D2-ABD4-736E5213A1D2}.DebugA|Win32.ActiveCfg = Debug|Win32
		{72F4B869-8C8A-49D2-ABD4-736E5213A1D2}.DebugA|Win32.Build.0 = Debug|Win32
		{72F4B869-8C8A-49D2-ABD4-736E5213A1D2}.DebugA|x64.ActiveCfg = Debug|Win32
		{72F4B869-8C8A-49D2-ABD4-736E5213A1D2}.Release_Unicode_vs2013|Win32.ActiveCfg = Release|Win32
		{72F4B869-8C8A-49D2-ABD4-736E5213A1D2}.Release_Unicode_vs2013|Win32.Build.0 = Release|Win32
		{72F4B869-8C8A-49D2-ABD4-736E5213A1D2}.Release_Unicode_vs2013|x64.ActiveCfg = Release|Win32
		{72F4B869-8C8A-49D2-ABD4-736E5213A1D2}.Release_Unicode|Win32.ActiveCfg = Release|Win32
		{72F4B869-8C8A-49D2-ABD4-736E5213A1D2}.Release_Unicode|Win32.Build.0 = Release|Win32
		{72F4B869-8C8A-49D2-ABD4-736E5213A1D2}.Release_Unicode|x64.ActiveCfg = Release|Win32
		{72F4B869-8C8A-49D2-ABD4-736E5213A1D2}.Release|Win32.ActiveCfg = Release|Win32
		{72F4B869-8C8A-49D2-ABD4-736E5213A1D2}.Release|Win32.Build.0 = Release|Win32
		{72F4B869-8C8A-49D2-ABD4-736E5213A1D2}.Release|x64.ActiveCfg = Release|Win32
		{72F4B869-8C8A-49D2-ABD4-736E5213A1D2}.ReleaseA|Win32.ActiveCfg = Release|Win32
		{72F4B869-8C8A-49D2-ABD4-736E5213A1D2}.ReleaseA|Win32.Build.0 = Release|Win32
		{72F4B869-8C8A-49D2-ABD4-736E5213A1D2}.ReleaseA|x64.ActiveCfg = Release|Win32
		{72F4B869-8C8A-49D2-ABD4-736E5213A1D2}.SDebug|Win32.ActiveCfg = Debug|Win32
		{72F4B869-8C8A-49D2-ABD4-736E5213A1D2}.SDebug|Win32.Build.0 = Debug|Win32
		{72F4B869-8C8A-49D2-ABD4-736E5213A1D2}.SDebug|x64.ActiveCfg = Debug|Win32
		{72F4B869-8C8A-49D2-ABD4-736E5213A1D2}.SDebugA|Win32.ActiveCfg = Debug|Win32
		{72F4B869-8C8A-49D2-ABD4-736E5213A1D2}.SDebugA|Win32.Build.0 = Debug|Win32
		{72F4B869-8C8A-49D2-ABD4-736E5213A1D2}.SDebugA|x64.ActiveCfg = Debug|Win32
		{72F4B869-8C8A-49D2-ABD4-736E5213A1D2}.SRelease|Win32.ActiveCfg = Release|Win32
		{72F4B869-8C8A-49D2-ABD4-736E5213A1D2}.SRelease|Win32.Build.0 = Release|Win32
		{72F4B869-8C8A-49D2-ABD4-736E5213A1D2}.SRelease|x64.ActiveCfg = Release|Win32
		{72F4B869-8C8A-49D2-ABD4-736E5213A1D2}.SReleaseA|Win32.ActiveCfg = Release|Win32
		{72F4B869-8C8A-49D2-ABD4-736E5213A1D2}.SReleaseA|Win32.Build.0 = Release|Win32
		{72F4B869-8C8A-49D2-ABD4-736E5213A1D2}.SReleaseA|x64.ActiveCfg = Release|Win32
		{72F4B869-8C8A-49D2-ABD4-736E5213A1D2}.Template|Win32.ActiveCfg = Release|Win32
		{72F4B869-8C8A-49D2-ABD4-736E5213A1D2}.Template|Win32.Build.0 = Release|Win32
		{72F4B869-8C8A-49D2-ABD4-736E5213A1D2}.Template|x64.ActiveCfg = Release|Win32
		{72F4B869-8C8A-49D2-ABD4-736E5213A1D2}.Unicode Debug|Win32.ActiveCfg = Debug|Win32
		{72F4B869-8C8A-49D2-ABD4-736E5213A1D2}.Unicode Debug|Win32.Build.0 = Debug|Win32
		{72F4B869-8C8A-49D2-ABD4-736E5213A1D2}.Unicode Debug|x64.ActiveCfg = Debug|Win32
		{72F4B869-8C8A-49D2-ABD4-736E5213A1D2}.Unicode Release|Win32.ActiveCfg = Release|Win32
		{72F4B869-8C8A-49D2-ABD4-736E5213A1D2}.Unicode Release|Win32.Build.0 = Release|Win32
		{72F4B869-8C8A-49D2-ABD4-736E5213A1D2}.Unicode Release|x64.ActiveCfg = Release|Win32
		{F4D7D104-4527-4446-AF14-14889112CE4D}.Debug_Unicode|Win32.ActiveCfg = Debug|Win32
		{F4D7D104-4527-4446-AF14-14889112CE4D}.Debug_Unicode|Win32.Build.0 = Debug|Win32
		{F4D7D104-4527-4446-AF14-14889112CE4D}.Debug_Unicode|x64.ActiveCfg = Debug|Win32
		{F4D7D104-4527-4446-AF14-14889112CE4D}.Debug|Win32.ActiveCfg = Debug|Win32
		{F4D7D104-4527-4446-AF14-14889112CE4D}.Debug|Win32.Build.0 = Debug|Win32
		{F4D7D104-4527-4446-AF14-14889112CE4D}.Debug|x64.ActiveCfg = Debug|Win32
		{F4D7D104-4527-4446-AF14-14889112CE4D}.DebugA|Win32.ActiveCfg = Debug|Win32
		{F4D7D104-4527-4446-AF14-14889112CE4D}.DebugA|Win32.Build.0 = Debug|Win32
		{F4D7D104-4527-4446-AF14-14889112CE4D}.DebugA|x64.ActiveCfg = Debug|Win32
		{F4D7D104-4527-4446-AF14-14889112CE4D}.Release_Unicode_vs2013|Win32.ActiveCfg = Release|Win32
		{F4D7D104-4527-4446-AF14-14889112CE4D}.Release_Unicode_vs2013|Win32.Build.0 = Release|Win32
		{F4D7D104-4527-4446-AF14-14889112CE4D}.Release_Unicode_vs2013|x64.ActiveCfg = Release|Win32
		{F4D7D104-4527-4446-AF14-14889112CE4D}.Release_Unicode|Win32.ActiveCfg = Release|Win32
		{F4D7D104-4527-4446-AF14-14889112CE4D}.Release_Unicode|Win32.Build.0 = Release|Win32
		{F4D7D104-4527-4446-AF14-14889112CE4D}.Release_Unicode|x64.ActiveCfg = Release|Win32
		{F4D7D104-4527-4446-AF14-14889112CE4D}.Release|Win32.ActiveCfg = Release|Win32
		{F4D7D104-4527-4446-AF14-14889112CE4D}.Release|Win32.Build.0 = Release|Win32
		{F4D7D104-4527-4446-AF14-14889112CE4D}.Release|x64.ActiveCfg = Release|Win32
		{F4D7D104-4527-4446-AF14-14889112CE4D}.ReleaseA|Win32.ActiveCfg = Release|Win32
		{F4D7D104-4527-4446-AF14-14889112CE4D}.ReleaseA|Win32.Build.0 = Release|Win32
		{F4D7D104-4527-4446-AF14-14889112CE4D}.ReleaseA|x64.ActiveCfg = Release|Win32
		{F4D7D104-4527-4446-AF14-14889112CE4D}.SDebug|Win32.ActiveCfg = Debug|Win32
		{F4D7D104-4527-4446-AF14-14889112CE4D}.SDebug|Win32.Build.0 = Debug|Win32
		{F4D7D104-4527-4446-AF14-14889112CE4D}.SDebug|x64.ActiveCfg = Debug|Win32
		{F4D7D104-4527-4446-AF14-14889112CE4D}.SDebugA|Win32.ActiveCfg = Debug|Win32
		{F4D7D104-4527-4446-AF14-14889112CE4D}.SDebugA|Win32.Build.0 = Debug|Win32
		{F4D7D104-4527-4446-AF14-14889112CE4D}.SDebugA|x64.ActiveCfg = Debug|Win32
		{F4D7D104-4527-4446-AF14-14889112CE4D}.SRelease|Win32.ActiveCfg = Release|Win32
		{F4D7D104-4527-4446-AF14-14889112CE4D}.SRelease|Win32.Build.0 = Release|Win32
		{F4D7D104-4527-4446-AF14-14889112CE4D}.SRelease|x64.ActiveCfg = Release|Win32
		{F4D7D104-4527-4446-AF14-14889112CE4D}.SReleaseA|Win32.ActiveCfg = Release|Win32
		{F4D7D104-4527-4446-AF14-14889112CE4D}.SReleaseA|Win32.Build.0 = Release|Win32
		{F4D7D104-4527-4446-AF14-14889112CE4D}.SReleaseA|x64.ActiveCfg = Release|Win32
		{F4D7D104-4527-4446-AF14-14889112CE4D}.Template|Win32.ActiveCfg = Release|Win32
		{F4D7D104-4527-4446-AF14-14889112CE4D}.Template|Win32.Build.0 = Release|Win32
		{F4D7D104-4527-4446-AF14-14889112CE4D}.Template|x64.ActiveCfg = Release|Win32
		{F4D7D104-4527-4446-AF14-14889112CE4D}.Unicode Debug|Win32.ActiveCfg = Debug|Win32
		{F4D7D104-4527-4446-AF14-14889112CE4D}.Unicode Debug|Win32.Build.0 = Debug|Win32
		{F4D7D104-4527-4446-AF14-14889112CE4D}.Unicode Debug|x64.ActiveCfg = Debug|Win32
		{F4D7D104-4527-4446-AF14-14889112CE4D}.Unicode Release|Win32.ActiveCfg = Release|Win32
		{F4D7D104-4527-4446-AF14-14889112CE4D}.Unicode Release|Win32.Build.0 = Release|Win32
		{F4D7D104-4527-4446-AF14-14889112CE4D}.Unicode Release|x64.ActiveCfg = Release|Win32
	EndGlobalSection
	GlobalSection(SolutionProperties) = preSolution
		HideSolutionNode = FALSE
	EndGlobalSection
	GlobalSection(NestedProjects) = preSolution
		{8CACA5FF-8FE8-4F39-9348-6859122CE64E} = {296D7264-5665-4909-BBF7-0A90D9F4D130}
		{4B553E73-0C89-47E7-9BD4-B8E96CF59787} = {296D7264-5665-4909-BBF7-0A90D9F4D130}
		{38670BDA-36BD-43F9-9849-29258A673F0D} = {296D7264-5665-4909-BBF7-0A90D9F4D130}
		{A8E64F0B-3137-4993-A512-22CC787F7627} = {296D7264-5665-4909-BBF7-0A90D9F4D130}
		{D90FE969-FC13-4712-B991-6CEBE42E5C92} = {296D7264-5665-4909-BBF7-0A90D9F4D130}
		{C3B1196D-858D-483E-9E13-F42387E5A4EF} = {296D7264-5665-4909-BBF7-0A90D9F4D130}
		{E106ACD7-4E53-4AEE-942B-D0DD426DB34E} = {296D7264-5665-4909-BBF7-0A90D9F4D130}
		{72F4B869-8C8A-49D2-ABD4-736E5213A1D2} = {296D7264-5665-4909-BBF7-0A90D9F4D130}
		{F4D7D104-4527-4446-AF14-14889112CE4D} = {296D7264-5665-4909-BBF7-0A90D9F4D130}
		{AC7F45E7-FFAE-4D36-87EC-B367B3C268AB} = {94890DC9-9FC3-4B92-82D1-BBADA241CD42}
		{91A598C3-C30C-444A-BCED-F96AF016D606} = {DB219537-90E7-49F9-982A-463DD745758B}
		{9C185012-89F5-447C-9A6E-7591D420B15A} = {72E108D2-8CAD-4257-91EF-2C561C20DF1F}
		{98685FAC-CCB5-400E-81E7-63E75C3AF07F} = {72E108D2-8CAD-4257-91EF-2C561C20DF1F}
		{5E76B31A-6D40-4B18-AF46-676CB75C51B8} = {72E108D2-8CAD-4257-91EF-2C561C20DF1F}
	EndGlobalSection
EndGlobal
